// !$*UTF8*$!
{
	archiveVersion = 1;
	classes = {
	};
	objectVersion = 77;
	objects = {

/* Begin PBXContainerItemProxy section */
		A57998552CB8F0A20004182C /* PBXContainerItemProxy */ = {
			isa = PBXContainerItemProxy;
			containerPortal = A57998392CB8F09E0004182C /* Project object */;
			proxyType = 1;
			remoteGlobalIDString = A57998402CB8F09E0004182C;
			remoteInfo = IroPedia;
		};
		A579985F2CB8F0A20004182C /* PBXContainerItemProxy */ = {
			isa = PBXContainerItemProxy;
			containerPortal = A57998392CB8F09E0004182C /* Project object */;
			proxyType = 1;
			remoteGlobalIDString = A57998402CB8F09E0004182C;
			remoteInfo = IroPedia;
		};
/* End PBXContainerItemProxy section */

/* Begin PBXFileReference section */
		A57998412CB8F09E0004182C /* IroPedia.app */ = {isa = PBXFileReference; explicitFileType = wrapper.application; includeInIndex = 0; path = IroPedia.app; sourceTree = BUILT_PRODUCTS_DIR; };
		A57998542CB8F0A20004182C /* IroPediaTests.xctest */ = {isa = PBXFileReference; explicitFileType = wrapper.cfbundle; includeInIndex = 0; path = IroPediaTests.xctest; sourceTree = BUILT_PRODUCTS_DIR; };
		A579985E2CB8F0A20004182C /* IroPediaUITests.xctest */ = {isa = PBXFileReference; explicitFileType = wrapper.cfbundle; includeInIndex = 0; path = IroPediaUITests.xctest; sourceTree = BUILT_PRODUCTS_DIR; };
/* End PBXFileReference section */

/* Begin PBXFileSystemSynchronizedRootGroup section */
		A57998432CB8F09E0004182C /* IroPedia */ = {
			isa = PBXFileSystemSynchronizedRootGroup;
			path = IroPedia;
			sourceTree = "<group>";
		};
		A57998572CB8F0A20004182C /* IroPediaTests */ = {
			isa = PBXFileSystemSynchronizedRootGroup;
			path = IroPediaTests;
			sourceTree = "<group>";
		};
		A57998612CB8F0A20004182C /* IroPediaUITests */ = {
			isa = PBXFileSystemSynchronizedRootGroup;
			path = IroPediaUITests;
			sourceTree = "<group>";
		};
/* End PBXFileSystemSynchronizedRootGroup section */

/* Begin PBXFrameworksBuildPhase section */
		A579983E2CB8F09E0004182C /* Frameworks */ = {
			isa = PBXFrameworksBuildPhase;
			buildActionMask = 2147483647;
			files = (
			);
			runOnlyForDeploymentPostprocessing = 0;
		};
		A57998512CB8F0A20004182C /* Frameworks */ = {
			isa = PBXFrameworksBuildPhase;
			buildActionMask = 2147483647;
			files = (
			);
			runOnlyForDeploymentPostprocessing = 0;
		};
		A579985B2CB8F0A20004182C /* Frameworks */ = {
			isa = PBXFrameworksBuildPhase;
			buildActionMask = 2147483647;
			files = (
			);
			runOnlyForDeploymentPostprocessing = 0;
		};
/* End PBXFrameworksBuildPhase section */

/* Begin PBXGroup section */
		A57998382CB8F09E0004182C = {
			isa = PBXGroup;
			children = (
				A57998432CB8F09E0004182C /* IroPedia */,
				A57998572CB8F0A20004182C /* IroPediaTests */,
				A57998612CB8F0A20004182C /* IroPediaUITests */,
				A57998422CB8F09E0004182C /* Products */,
			);
			sourceTree = "<group>";
		};
		A57998422CB8F09E0004182C /* Products */ = {
			isa = PBXGroup;
			children = (
				A57998412CB8F09E0004182C /* IroPedia.app */,
				A57998542CB8F0A20004182C /* IroPediaTests.xctest */,
				A579985E2CB8F0A20004182C /* IroPediaUITests.xctest */,
			);
			name = Products;
			sourceTree = "<group>";
		};
/* End PBXGroup section */

/* Begin PBXNativeTarget section */
		A57998402CB8F09E0004182C /* IroPedia */ = {
			isa = PBXNativeTarget;
			buildConfigurationList = A57998682CB8F0A20004182C /* Build configuration list for PBXNativeTarget "IroPedia" */;
			buildPhases = (
				A579983D2CB8F09E0004182C /* Sources */,
				A579983E2CB8F09E0004182C /* Frameworks */,
				A579983F2CB8F09E0004182C /* Resources */,
			);
			buildRules = (
			);
			dependencies = (
			);
			fileSystemSynchronizedGroups = (
				A57998432CB8F09E0004182C /* IroPedia */,
			);
			name = IroPedia;
			packageProductDependencies = (
			);
			productName = IroPedia;
			productReference = A57998412CB8F09E0004182C /* IroPedia.app */;
			productType = "com.apple.product-type.application";
		};
		A57998532CB8F0A20004182C /* IroPediaTests */ = {
			isa = PBXNativeTarget;
			buildConfigurationList = A579986B2CB8F0A20004182C /* Build configuration list for PBXNativeTarget "IroPediaTests" */;
			buildPhases = (
				A57998502CB8F0A20004182C /* Sources */,
				A57998512CB8F0A20004182C /* Frameworks */,
				A57998522CB8F0A20004182C /* Resources */,
			);
			buildRules = (
			);
			dependencies = (
				A57998562CB8F0A20004182C /* PBXTargetDependency */,
			);
			fileSystemSynchronizedGroups = (
				A57998572CB8F0A20004182C /* IroPediaTests */,
			);
			name = IroPediaTests;
			packageProductDependencies = (
			);
			productName = IroPediaTests;
			productReference = A57998542CB8F0A20004182C /* IroPediaTests.xctest */;
			productType = "com.apple.product-type.bundle.unit-test";
		};
		A579985D2CB8F0A20004182C /* IroPediaUITests */ = {
			isa = PBXNativeTarget;
			buildConfigurationList = A579986E2CB8F0A20004182C /* Build configuration list for PBXNativeTarget "IroPediaUITests" */;
			buildPhases = (
				A579985A2CB8F0A20004182C /* Sources */,
				A579985B2CB8F0A20004182C /* Frameworks */,
				A579985C2CB8F0A20004182C /* Resources */,
			);
			buildRules = (
			);
			dependencies = (
				A57998602CB8F0A20004182C /* PBXTargetDependency */,
			);
			fileSystemSynchronizedGroups = (
				A57998612CB8F0A20004182C /* IroPediaUITests */,
			);
			name = IroPediaUITests;
			packageProductDependencies = (
			);
			productName = IroPediaUITests;
			productReference = A579985E2CB8F0A20004182C /* IroPediaUITests.xctest */;
			productType = "com.apple.product-type.bundle.ui-testing";
		};
/* End PBXNativeTarget section */

/* Begin PBXProject section */
		A57998392CB8F09E0004182C /* Project object */ = {
			isa = PBXProject;
			attributes = {
				BuildIndependentTargetsInParallel = 1;
				LastSwiftUpdateCheck = 1600;
				LastUpgradeCheck = 1600;
				TargetAttributes = {
					A57998402CB8F09E0004182C = {
						CreatedOnToolsVersion = 16.0;
					};
					A57998532CB8F0A20004182C = {
						CreatedOnToolsVersion = 16.0;
						TestTargetID = A57998402CB8F09E0004182C;
					};
					A579985D2CB8F0A20004182C = {
						CreatedOnToolsVersion = 16.0;
						TestTargetID = A57998402CB8F09E0004182C;
					};
				};
			};
			buildConfigurationList = A579983C2CB8F09E0004182C /* Build configuration list for PBXProject "IroPedia" */;
			developmentRegion = en;
			hasScannedForEncodings = 0;
			knownRegions = (
				en,
				Base,
			);
			mainGroup = A57998382CB8F09E0004182C;
			minimizedProjectReferenceProxies = 1;
			preferredProjectObjectVersion = 77;
			productRefGroup = A57998422CB8F09E0004182C /* Products */;
			projectDirPath = "";
			projectRoot = "";
			targets = (
				A57998402CB8F09E0004182C /* IroPedia */,
				A57998532CB8F0A20004182C /* IroPediaTests */,
				A579985D2CB8F0A20004182C /* IroPediaUITests */,
			);
		};
/* End PBXProject section */

/* Begin PBXResourcesBuildPhase section */
		A579983F2CB8F09E0004182C /* Resources */ = {
			isa = PBXResourcesBuildPhase;
			buildActionMask = 2147483647;
			files = (
			);
			runOnlyForDeploymentPostprocessing = 0;
		};
		A57998522CB8F0A20004182C /* Resources */ = {
			isa = PBXResourcesBuildPhase;
			buildActionMask = 2147483647;
			files = (
			);
			runOnlyForDeploymentPostprocessing = 0;
		};
		A579985C2CB8F0A20004182C /* Resources */ = {
			isa = PBXResourcesBuildPhase;
			buildActionMask = 2147483647;
			files = (
			);
			runOnlyForDeploymentPostprocessing = 0;
		};
/* End PBXResourcesBuildPhase section */

/* Begin PBXSourcesBuildPhase section */
		A579983D2CB8F09E0004182C /* Sources */ = {
			isa = PBXSourcesBuildPhase;
			buildActionMask = 2147483647;
			files = (
			);
			runOnlyForDeploymentPostprocessing = 0;
		};
		A57998502CB8F0A20004182C /* Sources */ = {
			isa = PBXSourcesBuildPhase;
			buildActionMask = 2147483647;
			files = (
			);
			runOnlyForDeploymentPostprocessing = 0;
		};
		A579985A2CB8F0A20004182C /* Sources */ = {
			isa = PBXSourcesBuildPhase;
			buildActionMask = 2147483647;
			files = (
			);
			runOnlyForDeploymentPostprocessing = 0;
		};
/* End PBXSourcesBuildPhase section */

/* Begin PBXTargetDependency section */
		A57998562CB8F0A20004182C /* PBXTargetDependency */ = {
			isa = PBXTargetDependency;
			target = A57998402CB8F09E0004182C /* IroPedia */;
			targetProxy = A57998552CB8F0A20004182C /* PBXContainerItemProxy */;
		};
		A57998602CB8F0A20004182C /* PBXTargetDependency */ = {
			isa = PBXTargetDependency;
			target = A57998402CB8F09E0004182C /* IroPedia */;
			targetProxy = A579985F2CB8F0A20004182C /* PBXContainerItemProxy */;
		};
/* End PBXTargetDependency section */

/* Begin XCBuildConfiguration section */
		A57998662CB8F0A20004182C /* Debug */ = {
			isa = XCBuildConfiguration;
			buildSettings = {
				ALWAYS_SEARCH_USER_PATHS = NO;
				ASSETCATALOG_COMPILER_GENERATE_SWIFT_ASSET_SYMBOL_EXTENSIONS = YES;
				CLANG_ANALYZER_NONNULL = YES;
				CLANG_ANALYZER_NUMBER_OBJECT_CONVERSION = YES_AGGRESSIVE;
				CLANG_CXX_LANGUAGE_STANDARD = "gnu++20";
				CLANG_ENABLE_MODULES = YES;
				CLANG_ENABLE_OBJC_ARC = YES;
				CLANG_ENABLE_OBJC_WEAK = YES;
				CLANG_WARN_BLOCK_CAPTURE_AUTORELEASING = YES;
				CLANG_WARN_BOOL_CONVERSION = YES;
				CLANG_WARN_COMMA = YES;
				CLANG_WARN_CONSTANT_CONVERSION = YES;
				CLANG_WARN_DEPRECATED_OBJC_IMPLEMENTATIONS = YES;
				CLANG_WARN_DIRECT_OBJC_ISA_USAGE = YES_ERROR;
				CLANG_WARN_DOCUMENTATION_COMMENTS = YES;
				CLANG_WARN_EMPTY_BODY = YES;
				CLANG_WARN_ENUM_CONVERSION = YES;
				CLANG_WARN_INFINITE_RECURSION = YES;
				CLANG_WARN_INT_CONVERSION = YES;
				CLANG_WARN_NON_LITERAL_NULL_CONVERSION = YES;
				CLANG_WARN_OBJC_IMPLICIT_RETAIN_SELF = YES;
				CLANG_WARN_OBJC_LITERAL_CONVERSION = YES;
				CLANG_WARN_OBJC_ROOT_CLASS = YES_ERROR;
				CLANG_WARN_QUOTED_INCLUDE_IN_FRAMEWORK_HEADER = YES;
				CLANG_WARN_RANGE_LOOP_ANALYSIS = YES;
				CLANG_WARN_STRICT_PROTOTYPES = YES;
				CLANG_WARN_SUSPICIOUS_MOVE = YES;
				CLANG_WARN_UNGUARDED_AVAILABILITY = YES_AGGRESSIVE;
				CLANG_WARN_UNREACHABLE_CODE = YES;
				CLANG_WARN__DUPLICATE_METHOD_MATCH = YES;
				COPY_PHASE_STRIP = NO;
				DEBUG_INFORMATION_FORMAT = dwarf;
				ENABLE_STRICT_OBJC_MSGSEND = YES;
				ENABLE_TESTABILITY = YES;
				ENABLE_USER_SCRIPT_SANDBOXING = YES;
				GCC_C_LANGUAGE_STANDARD = gnu17;
				GCC_DYNAMIC_NO_PIC = NO;
				GCC_NO_COMMON_BLOCKS = YES;
				GCC_OPTIMIZATION_LEVEL = 0;
				GCC_PREPROCESSOR_DEFINITIONS = (
					"DEBUG=1",
					"$(inherited)",
				);
				GCC_WARN_64_TO_32_BIT_CONVERSION = YES;
				GCC_WARN_ABOUT_RETURN_TYPE = YES_ERROR;
				GCC_WARN_UNDECLARED_SELECTOR = YES;
				GCC_WARN_UNINITIALIZED_AUTOS = YES_AGGRESSIVE;
				GCC_WARN_UNUSED_FUNCTION = YES;
				GCC_WARN_UNUSED_VARIABLE = YES;
				LOCALIZATION_PREFERS_STRING_CATALOGS = YES;
				MACOSX_DEPLOYMENT_TARGET = 15.0;
				MTL_ENABLE_DEBUG_INFO = INCLUDE_SOURCE;
				MTL_FAST_MATH = YES;
				ONLY_ACTIVE_ARCH = YES;
				SDKROOT = macosx;
				SWIFT_ACTIVE_COMPILATION_CONDITIONS = "DEBUG $(inherited)";
				SWIFT_OPTIMIZATION_LEVEL = "-Onone";
			};
			name = Debug;
		};
		A57998672CB8F0A20004182C /* Release */ = {
			isa = XCBuildConfiguration;
			buildSettings = {
				ALWAYS_SEARCH_USER_PATHS = NO;
				ASSETCATALOG_COMPILER_GENERATE_SWIFT_ASSET_SYMBOL_EXTENSIONS = YES;
				CLANG_ANALYZER_NONNULL = YES;
				CLANG_ANALYZER_NUMBER_OBJECT_CONVERSION = YES_AGGRESSIVE;
				CLANG_CXX_LANGUAGE_STANDARD = "gnu++20";
				CLANG_ENABLE_MODULES = YES;
				CLANG_ENABLE_OBJC_ARC = YES;
				CLANG_ENABLE_OBJC_WEAK = YES;
				CLANG_WARN_BLOCK_CAPTURE_AUTORELEASING = YES;
				CLANG_WARN_BOOL_CONVERSION = YES;
				CLANG_WARN_COMMA = YES;
				CLANG_WARN_CONSTANT_CONVERSION = YES;
				CLANG_WARN_DEPRECATED_OBJC_IMPLEMENTATIONS = YES;
				CLANG_WARN_DIRECT_OBJC_ISA_USAGE = YES_ERROR;
				CLANG_WARN_DOCUMENTATION_COMMENTS = YES;
				CLANG_WARN_EMPTY_BODY = YES;
				CLANG_WARN_ENUM_CONVERSION = YES;
				CLANG_WARN_INFINITE_RECURSION = YES;
				CLANG_WARN_INT_CONVERSION = YES;
				CLANG_WARN_NON_LITERAL_NULL_CONVERSION = YES;
				CLANG_WARN_OBJC_IMPLICIT_RETAIN_SELF = YES;
				CLANG_WARN_OBJC_LITERAL_CONVERSION = YES;
				CLANG_WARN_OBJC_ROOT_CLASS = YES_ERROR;
				CLANG_WARN_QUOTED_INCLUDE_IN_FRAMEWORK_HEADER = YES;
				CLANG_WARN_RANGE_LOOP_ANALYSIS = YES;
				CLANG_WARN_STRICT_PROTOTYPES = YES;
				CLANG_WARN_SUSPICIOUS_MOVE = YES;
				CLANG_WARN_UNGUARDED_AVAILABILITY = YES_AGGRESSIVE;
				CLANG_WARN_UNREACHABLE_CODE = YES;
				CLANG_WARN__DUPLICATE_METHOD_MATCH = YES;
				COPY_PHASE_STRIP = NO;
				DEBUG_INFORMATION_FORMAT = "dwarf-with-dsym";
				ENABLE_NS_ASSERTIONS = NO;
				ENABLE_STRICT_OBJC_MSGSEND = YES;
				ENABLE_USER_SCRIPT_SANDBOXING = YES;
				GCC_C_LANGUAGE_STANDARD = gnu17;
				GCC_NO_COMMON_BLOCKS = YES;
				GCC_WARN_64_TO_32_BIT_CONVERSION = YES;
				GCC_WARN_ABOUT_RETURN_TYPE = YES_ERROR;
				GCC_WARN_UNDECLARED_SELECTOR = YES;
				GCC_WARN_UNINITIALIZED_AUTOS = YES_AGGRESSIVE;
				GCC_WARN_UNUSED_FUNCTION = YES;
				GCC_WARN_UNUSED_VARIABLE = YES;
				LOCALIZATION_PREFERS_STRING_CATALOGS = YES;
				MACOSX_DEPLOYMENT_TARGET = 15.0;
				MTL_ENABLE_DEBUG_INFO = NO;
				MTL_FAST_MATH = YES;
				SDKROOT = macosx;
				SWIFT_COMPILATION_MODE = wholemodule;
			};
			name = Release;
		};
		A57998692CB8F0A20004182C /* Debug */ = {
			isa = XCBuildConfiguration;
			buildSettings = {
				ASSETCATALOG_COMPILER_APPICON_NAME = AppIcon;
				ASSETCATALOG_COMPILER_GLOBAL_ACCENT_COLOR_NAME = AccentColor;
				CODE_SIGN_ENTITLEMENTS = IroPedia/IroPedia.entitlements;
				CODE_SIGN_STYLE = Automatic;
				COMBINE_HIDPI_IMAGES = YES;
				CURRENT_PROJECT_VERSION = 1;
				DEVELOPMENT_ASSET_PATHS = "\"IroPedia/Preview Content\"";
				ENABLE_PREVIEWS = YES;
				GENERATE_INFOPLIST_FILE = YES;
				INFOPLIST_KEY_NSHumanReadableCopyright = "";
				LD_RUNPATH_SEARCH_PATHS = (
					"$(inherited)",
					"@executable_path/../Frameworks",
				);
				MACOSX_DEPLOYMENT_TARGET = 14.0;
				MARKETING_VERSION = 1.0;
				PRODUCT_BUNDLE_IDENTIFIER = "Group-2.IroPedia";
				PRODUCT_NAME = "$(TARGET_NAME)";
				SWIFT_EMIT_LOC_STRINGS = YES;
				SWIFT_VERSION = 5.0;
			};
			name = Debug;
		};
		A579986A2CB8F0A20004182C /* Release */ = {
			isa = XCBuildConfiguration;
			buildSettings = {
				ASSETCATALOG_COMPILER_APPICON_NAME = AppIcon;
				ASSETCATALOG_COMPILER_GLOBAL_ACCENT_COLOR_NAME = AccentColor;
				CODE_SIGN_ENTITLEMENTS = IroPedia/IroPedia.entitlements;
				CODE_SIGN_STYLE = Automatic;
				COMBINE_HIDPI_IMAGES = YES;
				CURRENT_PROJECT_VERSION = 1;
				DEVELOPMENT_ASSET_PATHS = "\"IroPedia/Preview Content\"";
				ENABLE_PREVIEWS = YES;
				GENERATE_INFOPLIST_FILE = YES;
				INFOPLIST_KEY_NSHumanReadableCopyright = "";
				LD_RUNPATH_SEARCH_PATHS = (
					"$(inherited)",
					"@executable_path/../Frameworks",
				);
				MACOSX_DEPLOYMENT_TARGET = 14.0;
				MARKETING_VERSION = 1.0;
				PRODUCT_BUNDLE_IDENTIFIER = "Group-2.IroPedia";
				PRODUCT_NAME = "$(TARGET_NAME)";
				SWIFT_EMIT_LOC_STRINGS = YES;
				SWIFT_VERSION = 5.0;
			};
			name = Release;
		};
		A579986C2CB8F0A20004182C /* Debug */ = {
			isa = XCBuildConfiguration;
			buildSettings = {
				BUNDLE_LOADER = "$(TEST_HOST)";
				CODE_SIGN_STYLE = Automatic;
				CURRENT_PROJECT_VERSION = 1;
				GENERATE_INFOPLIST_FILE = YES;
				MACOSX_DEPLOYMENT_TARGET = 14.0;
				MARKETING_VERSION = 1.0;
				PRODUCT_BUNDLE_IDENTIFIER = "Group-2.IroPediaTests";
				PRODUCT_NAME = "$(TARGET_NAME)";
				SWIFT_EMIT_LOC_STRINGS = NO;
				SWIFT_VERSION = 5.0;
				TEST_HOST = "$(BUILT_PRODUCTS_DIR)/IroPedia.app/$(BUNDLE_EXECUTABLE_FOLDER_PATH)/IroPedia";
			};
			name = Debug;
		};
		A579986D2CB8F0A20004182C /* Release */ = {
			isa = XCBuildConfiguration;
			buildSettings = {
				BUNDLE_LOADER = "$(TEST_HOST)";
				CODE_SIGN_STYLE = Automatic;
				CURRENT_PROJECT_VERSION = 1;
				GENERATE_INFOPLIST_FILE = YES;
				MACOSX_DEPLOYMENT_TARGET = 14.0;
				MARKETING_VERSION = 1.0;
				PRODUCT_BUNDLE_IDENTIFIER = "Group-2.IroPediaTests";
				PRODUCT_NAME = "$(TARGET_NAME)";
				SWIFT_EMIT_LOC_STRINGS = NO;
				SWIFT_VERSION = 5.0;
				TEST_HOST = "$(BUILT_PRODUCTS_DIR)/IroPedia.app/$(BUNDLE_EXECUTABLE_FOLDER_PATH)/IroPedia";
			};
			name = Release;
		};
		A579986F2CB8F0A20004182C /* Debug */ = {
			isa = XCBuildConfiguration;
			buildSettings = {
				CODE_SIGN_STYLE = Automatic;
				CURRENT_PROJECT_VERSION = 1;
				GENERATE_INFOPLIST_FILE = YES;
				MARKETING_VERSION = 1.0;
				PRODUCT_BUNDLE_IDENTIFIER = "Group-2.IroPediaUITests";
				PRODUCT_NAME = "$(TARGET_NAME)";
				SWIFT_EMIT_LOC_STRINGS = NO;
				SWIFT_VERSION = 5.0;
				TEST_TARGET_NAME = IroPedia;
			};
			name = Debug;
		};
		A57998702CB8F0A20004182C /* Release */ = {
			isa = XCBuildConfiguration;
			buildSettings = {
				CODE_SIGN_STYLE = Automatic;
				CURRENT_PROJECT_VERSION = 1;
				GENERATE_INFOPLIST_FILE = YES;
				MARKETING_VERSION = 1.0;
				PRODUCT_BUNDLE_IDENTIFIER = "Group-2.IroPediaUITests";
				PRODUCT_NAME = "$(TARGET_NAME)";
				SWIFT_EMIT_LOC_STRINGS = NO;
				SWIFT_VERSION = 5.0;
				TEST_TARGET_NAME = IroPedia;
			};
			name = Release;
		};
/* End XCBuildConfiguration section */

/* Begin XCConfigurationList section */
		A579983C2CB8F09E0004182C /* Build configuration list for PBXProject "IroPedia" */ = {
			isa = XCConfigurationList;
			buildConfigurations = (
				A57998662CB8F0A20004182C /* Debug */,
				A57998672CB8F0A20004182C /* Release */,
			);
			defaultConfigurationIsVisible = 0;
			defaultConfigurationName = Release;
		};
		A57998682CB8F0A20004182C /* Build configuration list for PBXNativeTarget "IroPedia" */ = {
			isa = XCConfigurationList;
			buildConfigurations = (
				A57998692CB8F0A20004182C /* Debug */,
				A579986A2CB8F0A20004182C /* Release */,
			);
			defaultConfigurationIsVisible = 0;
			defaultConfigurationName = Release;
		};
		A579986B2CB8F0A20004182C /* Build configuration list for PBXNativeTarget "IroPediaTests" */ = {
			isa = XCConfigurationList;
			buildConfigurations = (
				A579986C2CB8F0A20004182C /* Debug */,
				A579986D2CB8F0A20004182C /* Release */,
			);
			defaultConfigurationIsVisible = 0;
			defaultConfigurationName = Release;
		};
		A579986E2CB8F0A20004182C /* Build configuration list for PBXNativeTarget "IroPediaUITests" */ = {
			isa = XCConfigurationList;
			buildConfigurations = (
				A579986F2CB8F0A20004182C /* Debug */,
				A57998702CB8F0A20004182C /* Release */,
			);
			defaultConfigurationIsVisible = 0;
			defaultConfigurationName = Release;
		};
/* End XCConfigurationList section */
	};
	rootObject = A57998392CB8F09E0004182C /* Project object */;
}
